PODS:
  - R.swift (6.1.0):
    - R.swift.Library (~> 5.3.0)
  - R.swift.Library (5.3.0)
  - SwiftConfettiView (0.1.0)

DEPENDENCIES:
  - R.swift
  - SwiftConfettiView

SPEC REPOS:
  trunk:
    - R.swift
    - R.swift.Library
    - SwiftConfettiView

SPEC CHECKSUMS:
  R.swift: ec98ff71c4ab2f6fd01dd077e5afd15e63a4834c
  R.swift.Library: 0fc583cb55a99e28901299cc451614cad1161962
  SwiftConfettiView: 1bdbc2e6913b6b1c76d8070802b212508ad5c352

PODFILE CHECKSUM: 3947d33feb60efff8bde04375cf9de180c2401fe

COCOAPODS: 1.11.3
