// !$*UTF8*$!
{
	archiveVersion = 1;
	classes = {
	};
	objectVersion = 55;
	objects = {

/* Begin PBXBuildFile section */
		8D4E589A677A547F5D5D6A8D /* Pods_HB_Bruh.framework in Frameworks */ = {isa = PBXBuildFile; fileRef = C44142DCF268A0B470C12E9B /* Pods_HB_Bruh.framework */; };
		C55C9B932880AE7000E22A17 /* Assets.xcassets in Resources */ = {isa = PBXBuildFile; fileRef = C5847FA0288098850009D9E2 /* Assets.xcassets */; };
		C578C8A92880B31100DA873F /* R.generated.swift in Sources */ = {isa = PBXBuildFile; fileRef = C578C8A82880B31100DA873F /* R.generated.swift */; };
		C578C8B72880BB0A00DA873F /* Archeologicaps.ttf in Resources */ = {isa = PBXBuildFile; fileRef = C578C8B62880BB0A00DA873F /* Archeologicaps.ttf */; };
		C578C8BB2880BC5000DA873F /* AA Haymaker Regular.ttf in Resources */ = {isa = PBXBuildFile; fileRef = C578C8BA2880BC5000DA873F /* AA Haymaker Regular.ttf */; };
		C578C8BF2880BEEC00DA873F /* UIColor+Ext.swift in Sources */ = {isa = PBXBuildFile; fileRef = C578C8BE2880BEEC00DA873F /* UIColor+Ext.swift */; };
		C578C8C12880BF1200DA873F /* String+Ext.swift in Sources */ = {isa = PBXBuildFile; fileRef = C578C8C02880BF1200DA873F /* String+Ext.swift */; };
		C578C8C32880BF4E00DA873F /* UILabel+Ext.swift in Sources */ = {isa = PBXBuildFile; fileRef = C578C8C22880BF4E00DA873F /* UILabel+Ext.swift */; };
		C578C8C52880BF6D00DA873F /* UINavigationController+Ext.swift in Sources */ = {isa = PBXBuildFile; fileRef = C578C8C42880BF6D00DA873F /* UINavigationController+Ext.swift */; };
		C578C8C72880BFA600DA873F /* Int+Ext.swift in Sources */ = {isa = PBXBuildFile; fileRef = C578C8C62880BFA600DA873F /* Int+Ext.swift */; };
		C578C8C92880BFB100DA873F /* Errors+Ext.swift in Sources */ = {isa = PBXBuildFile; fileRef = C578C8C82880BFB100DA873F /* Errors+Ext.swift */; };
		C584558C2880AC9200075C21 /* Quest+CoreDataClass.swift in Sources */ = {isa = PBXBuildFile; fileRef = C584558A2880AC9200075C21 /* Quest+CoreDataClass.swift */; };
		C584558D2880AC9200075C21 /* Quest+CoreDataProperties.swift in Sources */ = {isa = PBXBuildFile; fileRef = C584558B2880AC9200075C21 /* Quest+CoreDataProperties.swift */; };
		C5847F95288098850009D9E2 /* AppDelegate.swift in Sources */ = {isa = PBXBuildFile; fileRef = C5847F94288098850009D9E2 /* AppDelegate.swift */; };
		C5847F97288098850009D9E2 /* SceneDelegate.swift in Sources */ = {isa = PBXBuildFile; fileRef = C5847F96288098850009D9E2 /* SceneDelegate.swift */; };
/* End PBXBuildFile section */

/* Begin PBXFileReference section */
		0E155DAB9251D8FEC8E4C3EF /* Pods-HB_Bruh.debug.xcconfig */ = {isa = PBXFileReference; includeInIndex = 1; lastKnownFileType = text.xcconfig; name = "Pods-HB_Bruh.debug.xcconfig"; path = "Target Support Files/Pods-HB_Bruh/Pods-HB_Bruh.debug.xcconfig"; sourceTree = "<group>"; };
		2A86AFA98C2E66AD67826538 /* Pods-HB_Bruh.release.xcconfig */ = {isa = PBXFileReference; includeInIndex = 1; lastKnownFileType = text.xcconfig; name = "Pods-HB_Bruh.release.xcconfig"; path = "Target Support Files/Pods-HB_Bruh/Pods-HB_Bruh.release.xcconfig"; sourceTree = "<group>"; };
		C44142DCF268A0B470C12E9B /* Pods_HB_Bruh.framework */ = {isa = PBXFileReference; explicitFileType = wrapper.framework; includeInIndex = 0; path = Pods_HB_Bruh.framework; sourceTree = BUILT_PRODUCTS_DIR; };
		C578C8A82880B31100DA873F /* R.generated.swift */ = {isa = PBXFileReference; fileEncoding = 4; lastKnownFileType = sourcecode.swift; path = R.generated.swift; sourceTree = SOURCE_ROOT; };
		C578C8B62880BB0A00DA873F /* Archeologicaps.ttf */ = {isa = PBXFileReference; lastKnownFileType = file; path = Archeologicaps.ttf; sourceTree = "<group>"; };
		C578C8BA2880BC5000DA873F /* AA Haymaker Regular.ttf */ = {isa = PBXFileReference; lastKnownFileType = file; path = "AA Haymaker Regular.ttf"; sourceTree = "<group>"; };
		C578C8BE2880BEEC00DA873F /* UIColor+Ext.swift */ = {isa = PBXFileReference; lastKnownFileType = sourcecode.swift; path = "UIColor+Ext.swift"; sourceTree = "<group>"; };
		C578C8C02880BF1200DA873F /* String+Ext.swift */ = {isa = PBXFileReference; lastKnownFileType = sourcecode.swift; path = "String+Ext.swift"; sourceTree = "<group>"; };
		C578C8C22880BF4E00DA873F /* UILabel+Ext.swift */ = {isa = PBXFileReference; lastKnownFileType = sourcecode.swift; path = "UILabel+Ext.swift"; sourceTree = "<group>"; };
		C578C8C42880BF6D00DA873F /* UINavigationController+Ext.swift */ = {isa = PBXFileReference; lastKnownFileType = sourcecode.swift; path = "UINavigationController+Ext.swift"; sourceTree = "<group>"; };
		C578C8C62880BFA600DA873F /* Int+Ext.swift */ = {isa = PBXFileReference; lastKnownFileType = sourcecode.swift; path = "Int+Ext.swift"; sourceTree = "<group>"; };
		C578C8C82880BFB100DA873F /* Errors+Ext.swift */ = {isa = PBXFileReference; lastKnownFileType = sourcecode.swift; path = "Errors+Ext.swift"; sourceTree = "<group>"; };
		C584558A2880AC9200075C21 /* Quest+CoreDataClass.swift */ = {isa = PBXFileReference; lastKnownFileType = sourcecode.swift; name = "Quest+CoreDataClass.swift"; path = "HB_Bruh/Quest+CoreDataClass.swift"; sourceTree = "<group>"; };
		C584558B2880AC9200075C21 /* Quest+CoreDataProperties.swift */ = {isa = PBXFileReference; lastKnownFileType = sourcecode.swift; name = "Quest+CoreDataProperties.swift"; path = "HB_Bruh/Quest+CoreDataProperties.swift"; sourceTree = "<group>"; };
		C5847F91288098850009D9E2 /* HB_Bruh.app */ = {isa = PBXFileReference; explicitFileType = wrapper.application; includeInIndex = 0; path = HB_Bruh.app; sourceTree = BUILT_PRODUCTS_DIR; };
		C5847F94288098850009D9E2 /* AppDelegate.swift */ = {isa = PBXFileReference; lastKnownFileType = sourcecode.swift; path = AppDelegate.swift; sourceTree = "<group>"; };
		C5847F96288098850009D9E2 /* SceneDelegate.swift */ = {isa = PBXFileReference; lastKnownFileType = sourcecode.swift; path = SceneDelegate.swift; sourceTree = "<group>"; };
		C5847F9E288098850009D9E2 /* HB_Bruh.xcdatamodel */ = {isa = PBXFileReference; lastKnownFileType = wrapper.xcdatamodel; path = HB_Bruh.xcdatamodel; sourceTree = "<group>"; };
		C5847FA0288098850009D9E2 /* Assets.xcassets */ = {isa = PBXFileReference; lastKnownFileType = folder.assetcatalog; path = Assets.xcassets; sourceTree = "<group>"; };
		C5847FA5288098850009D9E2 /* Info.plist */ = {isa = PBXFileReference; lastKnownFileType = text.plist.xml; path = Info.plist; sourceTree = "<group>"; };
/* End PBXFileReference section */

/* Begin PBXFrameworksBuildPhase section */
		C5847F8E288098850009D9E2 /* Frameworks */ = {
			isa = PBXFrameworksBuildPhase;
			buildActionMask = 2147483647;
			files = (
				8D4E589A677A547F5D5D6A8D /* Pods_HB_Bruh.framework in Frameworks */,
			);
			runOnlyForDeploymentPostprocessing = 0;
		};
/* End PBXFrameworksBuildPhase section */

/* Begin PBXGroup section */
		41E54DB91205153708A38F17 /* Pods */ = {
			isa = PBXGroup;
			children = (
				0E155DAB9251D8FEC8E4C3EF /* Pods-HB_Bruh.debug.xcconfig */,
				2A86AFA98C2E66AD67826538 /* Pods-HB_Bruh.release.xcconfig */,
			);
			path = Pods;
			sourceTree = "<group>";
		};
		894523FF23B1ACE5A2F42203 /* Frameworks */ = {
			isa = PBXGroup;
			children = (
				C44142DCF268A0B470C12E9B /* Pods_HB_Bruh.framework */,
			);
			name = Frameworks;
			sourceTree = "<group>";
		};
		C578C8A72880B2E000DA873F /* Resources */ = {
			isa = PBXGroup;
			children = (
				C578C8B52880BABD00DA873F /* Fonts */,
				C578C8A82880B31100DA873F /* R.generated.swift */,
			);
			path = Resources;
			sourceTree = "<group>";
		};
		C578C8B52880BABD00DA873F /* Fonts */ = {
			isa = PBXGroup;
			children = (
				C578C8BA2880BC5000DA873F /* AA Haymaker Regular.ttf */,
				C578C8B62880BB0A00DA873F /* Archeologicaps.ttf */,
			);
			path = Fonts;
			sourceTree = "<group>";
		};
		C578C8BC2880BE8800DA873F /* Modules */ = {
			isa = PBXGroup;
			children = (
			);
			path = Modules;
			sourceTree = "<group>";
		};
		C578C8BD2880BE9000DA873F /* Extensions */ = {
			isa = PBXGroup;
			children = (
				C578C8BE2880BEEC00DA873F /* UIColor+Ext.swift */,
				C578C8C02880BF1200DA873F /* String+Ext.swift */,
				C578C8C22880BF4E00DA873F /* UILabel+Ext.swift */,
				C578C8C42880BF6D00DA873F /* UINavigationController+Ext.swift */,
				C578C8C62880BFA600DA873F /* Int+Ext.swift */,
				C578C8C82880BFB100DA873F /* Errors+Ext.swift */,
			);
			path = Extensions;
			sourceTree = "<group>";
		};
		C5847F88288098850009D9E2 = {
			isa = PBXGroup;
			children = (
				C584558A2880AC9200075C21 /* Quest+CoreDataClass.swift */,
				C584558B2880AC9200075C21 /* Quest+CoreDataProperties.swift */,
				C5847F93288098850009D9E2 /* HB_Bruh */,
				C5847F92288098850009D9E2 /* Products */,
				41E54DB91205153708A38F17 /* Pods */,
				894523FF23B1ACE5A2F42203 /* Frameworks */,
			);
			sourceTree = "<group>";
		};
		C5847F92288098850009D9E2 /* Products */ = {
			isa = PBXGroup;
			children = (
				C5847F91288098850009D9E2 /* HB_Bruh.app */,
			);
			name = Products;
			sourceTree = "<group>";
		};
		C5847F93288098850009D9E2 /* HB_Bruh */ = {
			isa = PBXGroup;
			children = (
				C578C8A72880B2E000DA873F /* Resources */,
				C578C8BD2880BE9000DA873F /* Extensions */,
				C578C8BC2880BE8800DA873F /* Modules */,
				C5847F94288098850009D9E2 /* AppDelegate.swift */,
				C5847F96288098850009D9E2 /* SceneDelegate.swift */,
				C5847FA0288098850009D9E2 /* Assets.xcassets */,
				C5847FA5288098850009D9E2 /* Info.plist */,
				C5847F9D288098850009D9E2 /* HB_Bruh.xcdatamodeld */,
			);
			path = HB_Bruh;
			sourceTree = "<group>";
		};
/* End PBXGroup section */

/* Begin PBXNativeTarget section */
		C5847F90288098850009D9E2 /* HB_Bruh */ = {
			isa = PBXNativeTarget;
			buildConfigurationList = C5847FA8288098850009D9E2 /* Build configuration list for PBXNativeTarget "HB_Bruh" */;
			buildPhases = (
				1904553B0781852FE9FDDBE8 /* [CP] Check Pods Manifest.lock */,
				C578C8A62880B20500DA873F /* RSwift */,
				C5847F8D288098850009D9E2 /* Sources */,
				C5847F8E288098850009D9E2 /* Frameworks */,
				C5847F8F288098850009D9E2 /* Resources */,
				159A22C056D03E4962D8B3F8 /* [CP] Embed Pods Frameworks */,
			);
			buildRules = (
			);
			dependencies = (
			);
			name = HB_Bruh;
			productName = HB_Bruh;
			productReference = C5847F91288098850009D9E2 /* HB_Bruh.app */;
			productType = "com.apple.product-type.application";
		};
/* End PBXNativeTarget section */

/* Begin PBXProject section */
		C5847F89288098850009D9E2 /* Project object */ = {
			isa = PBXProject;
			attributes = {
				BuildIndependentTargetsInParallel = 1;
				LastSwiftUpdateCheck = 1330;
				LastUpgradeCheck = 1330;
				TargetAttributes = {
					C5847F90288098850009D9E2 = {
						CreatedOnToolsVersion = 13.3;
					};
				};
			};
			buildConfigurationList = C5847F8C288098850009D9E2 /* Build configuration list for PBXProject "HB_Bruh" */;
			compatibilityVersion = "Xcode 13.0";
			developmentRegion = en;
			hasScannedForEncodings = 0;
			knownRegions = (
				en,
				Base,
			);
			mainGroup = C5847F88288098850009D9E2;
			productRefGroup = C5847F92288098850009D9E2 /* Products */;
			projectDirPath = "";
			projectRoot = "";
			targets = (
				C5847F90288098850009D9E2 /* HB_Bruh */,
			);
		};
/* End PBXProject section */

/* Begin PBXResourcesBuildPhase section */
		C5847F8F288098850009D9E2 /* Resources */ = {
			isa = PBXResourcesBuildPhase;
			buildActionMask = 2147483647;
			files = (
				C578C8B72880BB0A00DA873F /* Archeologicaps.ttf in Resources */,
				C578C8BB2880BC5000DA873F /* AA Haymaker Regular.ttf in Resources */,
				C55C9B932880AE7000E22A17 /* Assets.xcassets in Resources */,
			);
			runOnlyForDeploymentPostprocessing = 0;
		};
/* End PBXResourcesBuildPhase section */

/* Begin PBXShellScriptBuildPhase section */
		159A22C056D03E4962D8B3F8 /* [CP] Embed Pods Frameworks */ = {
			isa = PBXShellScriptBuildPhase;
			buildActionMask = 2147483647;
			files = (
			);
			inputFileListPaths = (
				"${PODS_ROOT}/Target Support Files/Pods-HB_Bruh/Pods-HB_Bruh-frameworks-${CONFIGURATION}-input-files.xcfilelist",
			);
			name = "[CP] Embed Pods Frameworks";
			outputFileListPaths = (
				"${PODS_ROOT}/Target Support Files/Pods-HB_Bruh/Pods-HB_Bruh-frameworks-${CONFIGURATION}-output-files.xcfilelist",
			);
			runOnlyForDeploymentPostprocessing = 0;
			shellPath = /bin/sh;
			shellScript = "\"${PODS_ROOT}/Target Support Files/Pods-HB_Bruh/Pods-HB_Bruh-frameworks.sh\"\n";
			showEnvVarsInLog = 0;
		};
		1904553B0781852FE9FDDBE8 /* [CP] Check Pods Manifest.lock */ = {
			isa = PBXShellScriptBuildPhase;
			buildActionMask = 2147483647;
			files = (
			);
			inputFileListPaths = (
			);
			inputPaths = (
				"${PODS_PODFILE_DIR_PATH}/Podfile.lock",
				"${PODS_ROOT}/Manifest.lock",
			);
			name = "[CP] Check Pods Manifest.lock";
			outputFileListPaths = (
			);
			outputPaths = (
				"$(DERIVED_FILE_DIR)/Pods-HB_Bruh-checkManifestLockResult.txt",
			);
			runOnlyForDeploymentPostprocessing = 0;
			shellPath = /bin/sh;
			shellScript = "diff \"${PODS_PODFILE_DIR_PATH}/Podfile.lock\" \"${PODS_ROOT}/Manifest.lock\" > /dev/null\nif [ $? != 0 ] ; then\n    # print error to STDERR\n    echo \"error: The sandbox is not in sync with the Podfile.lock. Run 'pod install' or update your CocoaPods installation.\" >&2\n    exit 1\nfi\n# This output is used by Xcode 'outputs' to avoid re-running this script phase.\necho \"SUCCESS\" > \"${SCRIPT_OUTPUT_FILE_0}\"\n";
			showEnvVarsInLog = 0;
		};
		C578C8A62880B20500DA873F /* RSwift */ = {
			isa = PBXShellScriptBuildPhase;
			alwaysOutOfDate = 1;
			buildActionMask = 2147483647;
			files = (
			);
			inputFileListPaths = (
			);
			inputPaths = (
			);
			name = RSwift;
			outputFileListPaths = (
			);
			outputPaths = (
				$SRCROOT/R.generated.swift,
			);
			runOnlyForDeploymentPostprocessing = 0;
			shellPath = /bin/sh;
			shellScript = "\"$PODS_ROOT/R.swift/rswift\" generate \"$SRCROOT/R.generated.swift\"\n";
		};
/* End PBXShellScriptBuildPhase section */

/* Begin PBXSourcesBuildPhase section */
		C5847F8D288098850009D9E2 /* Sources */ = {
			isa = PBXSourcesBuildPhase;
			buildActionMask = 2147483647;
			files = (
				C584558D2880AC9200075C21 /* Quest+CoreDataProperties.swift in Sources */,
				C578C8C12880BF1200DA873F /* String+Ext.swift in Sources */,
				C578C8C52880BF6D00DA873F /* UINavigationController+Ext.swift in Sources */,
				C5847F95288098850009D9E2 /* AppDelegate.swift in Sources */,
				C578C8A92880B31100DA873F /* R.generated.swift in Sources */,
				C578C8C72880BFA600DA873F /* Int+Ext.swift in Sources */,
				C578C8BF2880BEEC00DA873F /* UIColor+Ext.swift in Sources */,
				C584558C2880AC9200075C21 /* Quest+CoreDataClass.swift in Sources */,
				C578C8C92880BFB100DA873F /* Errors+Ext.swift in Sources */,
				C578C8C32880BF4E00DA873F /* UILabel+Ext.swift in Sources */,
				C5847F97288098850009D9E2 /* SceneDelegate.swift in Sources */,
			);
			runOnlyForDeploymentPostprocessing = 0;
		};
/* End PBXSourcesBuildPhase section */

/* Begin XCBuildConfiguration section */
		C5847FA6288098850009D9E2 /* Debug */ = {
			isa = XCBuildConfiguration;
			buildSettings = {
				ALWAYS_SEARCH_USER_PATHS = NO;
				CLANG_ANALYZER_NONNULL = YES;
				CLANG_ANALYZER_NUMBER_OBJECT_CONVERSION = YES_AGGRESSIVE;
				CLANG_CXX_LANGUAGE_STANDARD = "gnu++17";
				CLANG_ENABLE_MODULES = YES;
				CLANG_ENABLE_OBJC_ARC = YES;
				CLANG_ENABLE_OBJC_WEAK = YES;
				CLANG_WARN_BLOCK_CAPTURE_AUTORELEASING = YES;
				CLANG_WARN_BOOL_CONVERSION = YES;
				CLANG_WARN_COMMA = YES;
				CLANG_WARN_CONSTANT_CONVERSION = YES;
				CLANG_WARN_DEPRECATED_OBJC_IMPLEMENTATIONS = YES;
				CLANG_WARN_DIRECT_OBJC_ISA_USAGE = YES_ERROR;
				CLANG_WARN_DOCUMENTATION_COMMENTS = YES;
				CLANG_WARN_EMPTY_BODY = YES;
				CLANG_WARN_ENUM_CONVERSION = YES;
				CLANG_WARN_INFINITE_RECURSION = YES;
				CLANG_WARN_INT_CONVERSION = YES;
				CLANG_WARN_NON_LITERAL_NULL_CONVERSION = YES;
				CLANG_WARN_OBJC_IMPLICIT_RETAIN_SELF = YES;
				CLANG_WARN_OBJC_LITERAL_CONVERSION = YES;
				CLANG_WARN_OBJC_ROOT_CLASS = YES_ERROR;
				CLANG_WARN_QUOTED_INCLUDE_IN_FRAMEWORK_HEADER = YES;
				CLANG_WARN_RANGE_LOOP_ANALYSIS = YES;
				CLANG_WARN_STRICT_PROTOTYPES = YES;
				CLANG_WARN_SUSPICIOUS_MOVE = YES;
				CLANG_WARN_UNGUARDED_AVAILABILITY = YES_AGGRESSIVE;
				CLANG_WARN_UNREACHABLE_CODE = YES;
				CLANG_WARN__DUPLICATE_METHOD_MATCH = YES;
				COPY_PHASE_STRIP = NO;
				DEBUG_INFORMATION_FORMAT = dwarf;
				ENABLE_STRICT_OBJC_MSGSEND = YES;
				ENABLE_TESTABILITY = YES;
				GCC_C_LANGUAGE_STANDARD = gnu11;
				GCC_DYNAMIC_NO_PIC = NO;
				GCC_NO_COMMON_BLOCKS = YES;
				GCC_OPTIMIZATION_LEVEL = 0;
				GCC_PREPROCESSOR_DEFINITIONS = (
					"DEBUG=1",
					"$(inherited)",
				);
				GCC_WARN_64_TO_32_BIT_CONVERSION = YES;
				GCC_WARN_ABOUT_RETURN_TYPE = YES_ERROR;
				GCC_WARN_UNDECLARED_SELECTOR = YES;
				GCC_WARN_UNINITIALIZED_AUTOS = YES_AGGRESSIVE;
				GCC_WARN_UNUSED_FUNCTION = YES;
				GCC_WARN_UNUSED_VARIABLE = YES;
				IPHONEOS_DEPLOYMENT_TARGET = 15.4;
				MTL_ENABLE_DEBUG_INFO = INCLUDE_SOURCE;
				MTL_FAST_MATH = YES;
				ONLY_ACTIVE_ARCH = YES;
				SDKROOT = iphoneos;
				SWIFT_ACTIVE_COMPILATION_CONDITIONS = DEBUG;
				SWIFT_OPTIMIZATION_LEVEL = "-Onone";
			};
			name = Debug;
		};
		C5847FA7288098850009D9E2 /* Release */ = {
			isa = XCBuildConfiguration;
			buildSettings = {
				ALWAYS_SEARCH_USER_PATHS = NO;
				CLANG_ANALYZER_NONNULL = YES;
				CLANG_ANALYZER_NUMBER_OBJECT_CONVERSION = YES_AGGRESSIVE;
				CLANG_CXX_LANGUAGE_STANDARD = "gnu++17";
				CLANG_ENABLE_MODULES = YES;
				CLANG_ENABLE_OBJC_ARC = YES;
				CLANG_ENABLE_OBJC_WEAK = YES;
				CLANG_WARN_BLOCK_CAPTURE_AUTORELEASING = YES;
				CLANG_WARN_BOOL_CONVERSION = YES;
				CLANG_WARN_COMMA = YES;
				CLANG_WARN_CONSTANT_CONVERSION = YES;
				CLANG_WARN_DEPRECATED_OBJC_IMPLEMENTATIONS = YES;
				CLANG_WARN_DIRECT_OBJC_ISA_USAGE = YES_ERROR;
				CLANG_WARN_DOCUMENTATION_COMMENTS = YES;
				CLANG_WARN_EMPTY_BODY = YES;
				CLANG_WARN_ENUM_CONVERSION = YES;
				CLANG_WARN_INFINITE_RECURSION = YES;
				CLANG_WARN_INT_CONVERSION = YES;
				CLANG_WARN_NON_LITERAL_NULL_CONVERSION = YES;
				CLANG_WARN_OBJC_IMPLICIT_RETAIN_SELF = YES;
				CLANG_WARN_OBJC_LITERAL_CONVERSION = YES;
				CLANG_WARN_OBJC_ROOT_CLASS = YES_ERROR;
				CLANG_WARN_QUOTED_INCLUDE_IN_FRAMEWORK_HEADER = YES;
				CLANG_WARN_RANGE_LOOP_ANALYSIS = YES;
				CLANG_WARN_STRICT_PROTOTYPES = YES;
				CLANG_WARN_SUSPICIOUS_MOVE = YES;
				CLANG_WARN_UNGUARDED_AVAILABILITY = YES_AGGRESSIVE;
				CLANG_WARN_UNREACHABLE_CODE = YES;
				CLANG_WARN__DUPLICATE_METHOD_MATCH = YES;
				COPY_PHASE_STRIP = NO;
				DEBUG_INFORMATION_FORMAT = "dwarf-with-dsym";
				ENABLE_NS_ASSERTIONS = NO;
				ENABLE_STRICT_OBJC_MSGSEND = YES;
				GCC_C_LANGUAGE_STANDARD = gnu11;
				GCC_NO_COMMON_BLOCKS = YES;
				GCC_WARN_64_TO_32_BIT_CONVERSION = YES;
				GCC_WARN_ABOUT_RETURN_TYPE = YES_ERROR;
				GCC_WARN_UNDECLARED_SELECTOR = YES;
				GCC_WARN_UNINITIALIZED_AUTOS = YES_AGGRESSIVE;
				GCC_WARN_UNUSED_FUNCTION = YES;
				GCC_WARN_UNUSED_VARIABLE = YES;
				IPHONEOS_DEPLOYMENT_TARGET = 15.4;
				MTL_ENABLE_DEBUG_INFO = NO;
				MTL_FAST_MATH = YES;
				SDKROOT = iphoneos;
				SWIFT_COMPILATION_MODE = wholemodule;
				SWIFT_OPTIMIZATION_LEVEL = "-O";
				VALIDATE_PRODUCT = YES;
			};
			name = Release;
		};
		C5847FA9288098850009D9E2 /* Debug */ = {
			isa = XCBuildConfiguration;
			baseConfigurationReference = 0E155DAB9251D8FEC8E4C3EF /* Pods-HB_Bruh.debug.xcconfig */;
			buildSettings = {
				ASSETCATALOG_COMPILER_APPICON_NAME = AppIcon;
				ASSETCATALOG_COMPILER_GLOBAL_ACCENT_COLOR_NAME = AccentColor;
				CODE_SIGN_STYLE = Automatic;
				CURRENT_PROJECT_VERSION = 1;
				DEVELOPMENT_TEAM = CW9ZZNL977;
				GENERATE_INFOPLIST_FILE = YES;
				INFOPLIST_FILE = HB_Bruh/Info.plist;
				INFOPLIST_KEY_UIApplicationSupportsIndirectInputEvents = YES;
				INFOPLIST_KEY_UILaunchStoryboardName = LaunchScreen;
				INFOPLIST_KEY_UISupportedInterfaceOrientations_iPad = "UIInterfaceOrientationPortrait UIInterfaceOrientationPortraitUpsideDown UIInterfaceOrientationLandscapeLeft UIInterfaceOrientationLandscapeRight";
				INFOPLIST_KEY_UISupportedInterfaceOrientations_iPhone = "UIInterfaceOrientationPortrait UIInterfaceOrientationLandscapeLeft UIInterfaceOrientationLandscapeRight";
				LD_RUNPATH_SEARCH_PATHS = (
					"$(inherited)",
					"@executable_path/Frameworks",
				);
				MARKETING_VERSION = 1.0;
				PRODUCT_BUNDLE_IDENTIFIER = "com.txmi.HB-Bruh";
				PRODUCT_NAME = "$(TARGET_NAME)";
				SWIFT_EMIT_LOC_STRINGS = YES;
				SWIFT_VERSION = 5.0;
				TARGETED_DEVICE_FAMILY = "1,2";
			};
			name = Debug;
		};
		C5847FAA288098850009D9E2 /* Release */ = {
			isa = XCBuildConfiguration;
			baseConfigurationReference = 2A86AFA98C2E66AD67826538 /* Pods-HB_Bruh.release.xcconfig */;
			buildSettings = {
				ASSETCATALOG_COMPILER_APPICON_NAME = AppIcon;
				ASSETCATALOG_COMPILER_GLOBAL_ACCENT_COLOR_NAME = AccentColor;
				CODE_SIGN_STYLE = Automatic;
				CURRENT_PROJECT_VERSION = 1;
				DEVELOPMENT_TEAM = CW9ZZNL977;
				GENERATE_INFOPLIST_FILE = YES;
				INFOPLIST_FILE = HB_Bruh/Info.plist;
				INFOPLIST_KEY_UIApplicationSupportsIndirectInputEvents = YES;
				INFOPLIST_KEY_UILaunchStoryboardName = LaunchScreen;
				INFOPLIST_KEY_UISupportedInterfaceOrientations_iPad = "UIInterfaceOrientationPortrait UIInterfaceOrientationPortraitUpsideDown UIInterfaceOrientationLandscapeLeft UIInterfaceOrientationLandscapeRight";
				INFOPLIST_KEY_UISupportedInterfaceOrientations_iPhone = "UIInterfaceOrientationPortrait UIInterfaceOrientationLandscapeLeft UIInterfaceOrientationLandscapeRight";
				LD_RUNPATH_SEARCH_PATHS = (
					"$(inherited)",
					"@executable_path/Frameworks",
				);
				MARKETING_VERSION = 1.0;
				PRODUCT_BUNDLE_IDENTIFIER = "com.txmi.HB-Bruh";
				PRODUCT_NAME = "$(TARGET_NAME)";
				SWIFT_EMIT_LOC_STRINGS = YES;
				SWIFT_VERSION = 5.0;
				TARGETED_DEVICE_FAMILY = "1,2";
			};
			name = Release;
		};
/* End XCBuildConfiguration section */

/* Begin XCConfigurationList section */
		C5847F8C288098850009D9E2 /* Build configuration list for PBXProject "HB_Bruh" */ = {
			isa = XCConfigurationList;
			buildConfigurations = (
				C5847FA6288098850009D9E2 /* Debug */,
				C5847FA7288098850009D9E2 /* Release */,
			);
			defaultConfigurationIsVisible = 0;
			defaultConfigurationName = Release;
		};
		C5847FA8288098850009D9E2 /* Build configuration list for PBXNativeTarget "HB_Bruh" */ = {
			isa = XCConfigurationList;
			buildConfigurations = (
				C5847FA9288098850009D9E2 /* Debug */,
				C5847FAA288098850009D9E2 /* Release */,
			);
			defaultConfigurationIsVisible = 0;
			defaultConfigurationName = Release;
		};
/* End XCConfigurationList section */

/* Begin XCVersionGroup section */
		C5847F9D288098850009D9E2 /* HB_Bruh.xcdatamodeld */ = {
			isa = XCVersionGroup;
			children = (
				C5847F9E288098850009D9E2 /* HB_Bruh.xcdatamodel */,
			);
			currentVersion = C5847F9E288098850009D9E2 /* HB_Bruh.xcdatamodel */;
			path = HB_Bruh.xcdatamodeld;
			sourceTree = "<group>";
			versionGroupType = wrapper.xcdatamodel;
		};
/* End XCVersionGroup section */
	};
	rootObject = C5847F89288098850009D9E2 /* Project object */;
}
